
Microsoft Visual Studio Solution File, Format Version 11.00
# Visual Studio 2010
Project("{8BC9CEB8-8B4A-11D0-8D11-00A0C91BC942}") = "校门外的树", "校门外的树.vcxproj", "{8E050DDD-3F3D-4FCC-B1FC-32E0F7AB452A}"
EndProject
Global
	GlobalSection(SolutionConfigurationPlatforms) = preSolution
		Debug|Win32 = Debug|Win32
		Release|Win32 = Release|Win32
	EndGlobalSection
	GlobalSection(ProjectConfigurationPlatforms) = postSolution
		{8E050DDD-3F3D-4FCC-B1FC-32E0F7AB452A}.Debug|Win32.ActiveCfg = Debug|Win32
		{8E050DDD-3F3D-4FCC-B1FC-32E0F7AB452A}.Debug|Win32.Build.0 = Debug|Win32
		{8E050DDD-3F3D-4FCC-B1FC-32E0F7AB452A}.Release|Win32.ActiveCfg = Release|Win32
		{8E050DDD-3F3D-4FCC-B1FC-32E0F7AB452A}.Release|Win32.Build.0 = Release|Win32
	EndGlobalSection
	GlobalSection(SolutionProperties) = preSolution
		HideSolutionNode = FALSE
	EndGlobalSection
EndGlobal
