
Microsoft Visual Studio Solution File, Format Version 11.00
# Visual Studio 2010
Project("{8BC9CEB8-8B4A-11D0-8D11-00A0C91BC942}") = "火车上的人数", "火车上的人数.vcxproj", "{5A0CB2F7-6069-4711-9079-5034B0C9B738}"
EndProject
Global
	GlobalSection(SolutionConfigurationPlatforms) = preSolution
		Debug|Win32 = Debug|Win32
		Release|Win32 = Release|Win32
	EndGlobalSection
	GlobalSection(ProjectConfigurationPlatforms) = postSolution
		{5A0CB2F7-6069-4711-9079-5034B0C9B738}.Debug|Win32.ActiveCfg = Debug|Win32
		{5A0CB2F7-6069-4711-9079-5034B0C9B738}.Debug|Win32.Build.0 = Debug|Win32
		{5A0CB2F7-6069-4711-9079-5034B0C9B738}.Release|Win32.ActiveCfg = Release|Win32
		{5A0CB2F7-6069-4711-9079-5034B0C9B738}.Release|Win32.Build.0 = Release|Win32
	EndGlobalSection
	GlobalSection(SolutionProperties) = preSolution
		HideSolutionNode = FALSE
	EndGlobalSection
EndGlobal
