
Microsoft Visual Studio Solution File, Format Version 11.00
# Visual Studio 2010
Project("{8BC9CEB8-8B4A-11D0-8D11-00A0C91BC942}") = "判断元素是否存在", "判断元素是否存在.vcxproj", "{92AB45BF-B165-482E-8560-6C04A7A5B7DD}"
EndProject
Global
	GlobalSection(SolutionConfigurationPlatforms) = preSolution
		Debug|Win32 = Debug|Win32
		Release|Win32 = Release|Win32
	EndGlobalSection
	GlobalSection(ProjectConfigurationPlatforms) = postSolution
		{92AB45BF-B165-482E-8560-6C04A7A5B7DD}.Debug|Win32.ActiveCfg = Debug|Win32
		{92AB45BF-B165-482E-8560-6C04A7A5B7DD}.Debug|Win32.Build.0 = Debug|Win32
		{92AB45BF-B165-482E-8560-6C04A7A5B7DD}.Release|Win32.ActiveCfg = Release|Win32
		{92AB45BF-B165-482E-8560-6C04A7A5B7DD}.Release|Win32.Build.0 = Release|Win32
	EndGlobalSection
	GlobalSection(SolutionProperties) = preSolution
		HideSolutionNode = FALSE
	EndGlobalSection
EndGlobal
