
Microsoft Visual Studio Solution File, Format Version 11.00
# Visual Studio 2010
Project("{8BC9CEB8-8B4A-11D0-8D11-00A0C91BC942}") = "验证子串", "验证子串.vcxproj", "{0511ADDE-0BB3-4DB5-A982-138E6A353AB5}"
EndProject
Global
	GlobalSection(SolutionConfigurationPlatforms) = preSolution
		Debug|Win32 = Debug|Win32
		Release|Win32 = Release|Win32
	EndGlobalSection
	GlobalSection(ProjectConfigurationPlatforms) = postSolution
		{0511ADDE-0BB3-4DB5-A982-138E6A353AB5}.Debug|Win32.ActiveCfg = Debug|Win32
		{0511ADDE-0BB3-4DB5-A982-138E6A353AB5}.Debug|Win32.Build.0 = Debug|Win32
		{0511ADDE-0BB3-4DB5-A982-138E6A353AB5}.Release|Win32.ActiveCfg = Release|Win32
		{0511ADDE-0BB3-4DB5-A982-138E6A353AB5}.Release|Win32.Build.0 = Release|Win32
	EndGlobalSection
	GlobalSection(SolutionProperties) = preSolution
		HideSolutionNode = FALSE
	EndGlobalSection
EndGlobal
