
Microsoft Visual Studio Solution File, Format Version 11.00
# Visual Studio 2010
Project("{8BC9CEB8-8B4A-11D0-8D11-00A0C91BC942}") = "最大值和最小值的差", "最大值和最小值的差.vcxproj", "{D2209881-4D55-4736-B214-A319AB6B2FA5}"
EndProject
Global
	GlobalSection(SolutionConfigurationPlatforms) = preSolution
		Debug|Win32 = Debug|Win32
		Release|Win32 = Release|Win32
	EndGlobalSection
	GlobalSection(ProjectConfigurationPlatforms) = postSolution
		{D2209881-4D55-4736-B214-A319AB6B2FA5}.Debug|Win32.ActiveCfg = Debug|Win32
		{D2209881-4D55-4736-B214-A319AB6B2FA5}.Debug|Win32.Build.0 = Debug|Win32
		{D2209881-4D55-4736-B214-A319AB6B2FA5}.Release|Win32.ActiveCfg = Release|Win32
		{D2209881-4D55-4736-B214-A319AB6B2FA5}.Release|Win32.Build.0 = Release|Win32
	EndGlobalSection
	GlobalSection(SolutionProperties) = preSolution
		HideSolutionNode = FALSE
	EndGlobalSection
EndGlobal
