
Microsoft Visual Studio Solution File, Format Version 11.00
# Visual Studio 2010
Project("{8BC9CEB8-8B4A-11D0-8D11-00A0C91BC942}") = "波兰表达式", "波兰表达式.vcxproj", "{24AC9AAA-0754-439D-BE68-ACF6BC2C6359}"
EndProject
Global
	GlobalSection(SolutionConfigurationPlatforms) = preSolution
		Debug|Win32 = Debug|Win32
		Release|Win32 = Release|Win32
	EndGlobalSection
	GlobalSection(ProjectConfigurationPlatforms) = postSolution
		{24AC9AAA-0754-439D-BE68-ACF6BC2C6359}.Debug|Win32.ActiveCfg = Debug|Win32
		{24AC9AAA-0754-439D-BE68-ACF6BC2C6359}.Debug|Win32.Build.0 = Debug|Win32
		{24AC9AAA-0754-439D-BE68-ACF6BC2C6359}.Release|Win32.ActiveCfg = Release|Win32
		{24AC9AAA-0754-439D-BE68-ACF6BC2C6359}.Release|Win32.Build.0 = Release|Win32
	EndGlobalSection
	GlobalSection(SolutionProperties) = preSolution
		HideSolutionNode = FALSE
	EndGlobalSection
EndGlobal
