
Microsoft Visual Studio Solution File, Format Version 11.00
# Visual Studio 2010
Project("{8BC9CEB8-8B4A-11D0-8D11-00A0C91BC942}") = "错误探测", "错误探测.vcxproj", "{3404AB8E-5953-4DE2-8650-C14DCA6B75C1}"
EndProject
Global
	GlobalSection(SolutionConfigurationPlatforms) = preSolution
		Debug|Win32 = Debug|Win32
		Release|Win32 = Release|Win32
	EndGlobalSection
	GlobalSection(ProjectConfigurationPlatforms) = postSolution
		{3404AB8E-5953-4DE2-8650-C14DCA6B75C1}.Debug|Win32.ActiveCfg = Debug|Win32
		{3404AB8E-5953-4DE2-8650-C14DCA6B75C1}.Debug|Win32.Build.0 = Debug|Win32
		{3404AB8E-5953-4DE2-8650-C14DCA6B75C1}.Release|Win32.ActiveCfg = Release|Win32
		{3404AB8E-5953-4DE2-8650-C14DCA6B75C1}.Release|Win32.Build.0 = Release|Win32
	EndGlobalSection
	GlobalSection(SolutionProperties) = preSolution
		HideSolutionNode = FALSE
	EndGlobalSection
EndGlobal
