
Microsoft Visual Studio Solution File, Format Version 11.00
# Visual Studio 2010
Project("{8BC9CEB8-8B4A-11D0-8D11-00A0C91BC942}") = "输入密码", "输入密码.vcxproj", "{A9A75896-C0D7-4B6E-B11A-3646EA85A8AE}"
EndProject
Global
	GlobalSection(SolutionConfigurationPlatforms) = preSolution
		Debug|Win32 = Debug|Win32
		Release|Win32 = Release|Win32
	EndGlobalSection
	GlobalSection(ProjectConfigurationPlatforms) = postSolution
		{A9A75896-C0D7-4B6E-B11A-3646EA85A8AE}.Debug|Win32.ActiveCfg = Debug|Win32
		{A9A75896-C0D7-4B6E-B11A-3646EA85A8AE}.Debug|Win32.Build.0 = Debug|Win32
		{A9A75896-C0D7-4B6E-B11A-3646EA85A8AE}.Release|Win32.ActiveCfg = Release|Win32
		{A9A75896-C0D7-4B6E-B11A-3646EA85A8AE}.Release|Win32.Build.0 = Release|Win32
	EndGlobalSection
	GlobalSection(SolutionProperties) = preSolution
		HideSolutionNode = FALSE
	EndGlobalSection
EndGlobal
