
Microsoft Visual Studio Solution File, Format Version 11.00
# Visual Studio 2010
Project("{8BC9CEB8-8B4A-11D0-8D11-00A0C91BC942}") = "求分数序列和", "求分数序列和.vcxproj", "{A3F9B8E9-DE51-4B53-86A6-3AA6D8D2F0A0}"
EndProject
Global
	GlobalSection(SolutionConfigurationPlatforms) = preSolution
		Debug|Win32 = Debug|Win32
		Release|Win32 = Release|Win32
	EndGlobalSection
	GlobalSection(ProjectConfigurationPlatforms) = postSolution
		{A3F9B8E9-DE51-4B53-86A6-3AA6D8D2F0A0}.Debug|Win32.ActiveCfg = Debug|Win32
		{A3F9B8E9-DE51-4B53-86A6-3AA6D8D2F0A0}.Debug|Win32.Build.0 = Debug|Win32
		{A3F9B8E9-DE51-4B53-86A6-3AA6D8D2F0A0}.Release|Win32.ActiveCfg = Release|Win32
		{A3F9B8E9-DE51-4B53-86A6-3AA6D8D2F0A0}.Release|Win32.Build.0 = Release|Win32
	EndGlobalSection
	GlobalSection(SolutionProperties) = preSolution
		HideSolutionNode = FALSE
	EndGlobalSection
EndGlobal
