
Microsoft Visual Studio Solution File, Format Version 11.00
# Visual Studio 2010
Project("{8BC9CEB8-8B4A-11D0-8D11-00A0C91BC942}") = "游资", "游资.vcxproj", "{6719B933-86F5-43AF-BD51-AF71A7C511A7}"
EndProject
Global
	GlobalSection(SolutionConfigurationPlatforms) = preSolution
		Debug|Win32 = Debug|Win32
		Release|Win32 = Release|Win32
	EndGlobalSection
	GlobalSection(ProjectConfigurationPlatforms) = postSolution
		{6719B933-86F5-43AF-BD51-AF71A7C511A7}.Debug|Win32.ActiveCfg = Debug|Win32
		{6719B933-86F5-43AF-BD51-AF71A7C511A7}.Debug|Win32.Build.0 = Debug|Win32
		{6719B933-86F5-43AF-BD51-AF71A7C511A7}.Release|Win32.ActiveCfg = Release|Win32
		{6719B933-86F5-43AF-BD51-AF71A7C511A7}.Release|Win32.Build.0 = Release|Win32
	EndGlobalSection
	GlobalSection(SolutionProperties) = preSolution
		HideSolutionNode = FALSE
	EndGlobalSection
EndGlobal
