
Microsoft Visual Studio Solution File, Format Version 11.00
# Visual Studio 2010
Project("{8BC9CEB8-8B4A-11D0-8D11-00A0C91BC942}") = "向量点积计算", "向量点积计算.vcxproj", "{7995CF8C-46BB-4E9F-93EE-6C5D4B5D4567}"
EndProject
Global
	GlobalSection(SolutionConfigurationPlatforms) = preSolution
		Debug|Win32 = Debug|Win32
		Release|Win32 = Release|Win32
	EndGlobalSection
	GlobalSection(ProjectConfigurationPlatforms) = postSolution
		{7995CF8C-46BB-4E9F-93EE-6C5D4B5D4567}.Debug|Win32.ActiveCfg = Debug|Win32
		{7995CF8C-46BB-4E9F-93EE-6C5D4B5D4567}.Debug|Win32.Build.0 = Debug|Win32
		{7995CF8C-46BB-4E9F-93EE-6C5D4B5D4567}.Release|Win32.ActiveCfg = Release|Win32
		{7995CF8C-46BB-4E9F-93EE-6C5D4B5D4567}.Release|Win32.Build.0 = Release|Win32
	EndGlobalSection
	GlobalSection(SolutionProperties) = preSolution
		HideSolutionNode = FALSE
	EndGlobalSection
EndGlobal
