
Microsoft Visual Studio Solution File, Format Version 11.00
# Visual Studio 2010
Project("{8BC9CEB8-8B4A-11D0-8D11-00A0C91BC942}") = "苹果和虫子", "苹果和虫子.vcxproj", "{96228B82-0B66-4DFB-9F30-59900E6BAAAD}"
EndProject
Global
	GlobalSection(SolutionConfigurationPlatforms) = preSolution
		Debug|Win32 = Debug|Win32
		Release|Win32 = Release|Win32
	EndGlobalSection
	GlobalSection(ProjectConfigurationPlatforms) = postSolution
		{96228B82-0B66-4DFB-9F30-59900E6BAAAD}.Debug|Win32.ActiveCfg = Debug|Win32
		{96228B82-0B66-4DFB-9F30-59900E6BAAAD}.Debug|Win32.Build.0 = Debug|Win32
		{96228B82-0B66-4DFB-9F30-59900E6BAAAD}.Release|Win32.ActiveCfg = Release|Win32
		{96228B82-0B66-4DFB-9F30-59900E6BAAAD}.Release|Win32.Build.0 = Release|Win32
	EndGlobalSection
	GlobalSection(SolutionProperties) = preSolution
		HideSolutionNode = FALSE
	EndGlobalSection
EndGlobal
