
Microsoft Visual Studio Solution File, Format Version 11.00
# Visual Studio 2010
Project("{8BC9CEB8-8B4A-11D0-8D11-00A0C91BC942}") = "求10000以内n的阶乘", "求10000以内n的阶乘.vcxproj", "{90324CC1-5EB9-426F-9F1E-B035C5C6541A}"
EndProject
Global
	GlobalSection(SolutionConfigurationPlatforms) = preSolution
		Debug|Win32 = Debug|Win32
		Release|Win32 = Release|Win32
	EndGlobalSection
	GlobalSection(ProjectConfigurationPlatforms) = postSolution
		{90324CC1-5EB9-426F-9F1E-B035C5C6541A}.Debug|Win32.ActiveCfg = Debug|Win32
		{90324CC1-5EB9-426F-9F1E-B035C5C6541A}.Debug|Win32.Build.0 = Debug|Win32
		{90324CC1-5EB9-426F-9F1E-B035C5C6541A}.Release|Win32.ActiveCfg = Release|Win32
		{90324CC1-5EB9-426F-9F1E-B035C5C6541A}.Release|Win32.Build.0 = Release|Win32
	EndGlobalSection
	GlobalSection(SolutionProperties) = preSolution
		HideSolutionNode = FALSE
	EndGlobalSection
EndGlobal
