
Microsoft Visual Studio Solution File, Format Version 11.00
# Visual Studio 2010
Project("{8BC9CEB8-8B4A-11D0-8D11-00A0C91BC942}") = "分离整数的各个数位", "分离整数的各个数位.vcxproj", "{62C2D8CC-57C3-430D-BA46-9895985DDFC3}"
EndProject
Global
	GlobalSection(SolutionConfigurationPlatforms) = preSolution
		Debug|Win32 = Debug|Win32
		Release|Win32 = Release|Win32
	EndGlobalSection
	GlobalSection(ProjectConfigurationPlatforms) = postSolution
		{62C2D8CC-57C3-430D-BA46-9895985DDFC3}.Debug|Win32.ActiveCfg = Debug|Win32
		{62C2D8CC-57C3-430D-BA46-9895985DDFC3}.Debug|Win32.Build.0 = Debug|Win32
		{62C2D8CC-57C3-430D-BA46-9895985DDFC3}.Release|Win32.ActiveCfg = Release|Win32
		{62C2D8CC-57C3-430D-BA46-9895985DDFC3}.Release|Win32.Build.0 = Release|Win32
	EndGlobalSection
	GlobalSection(SolutionProperties) = preSolution
		HideSolutionNode = FALSE
	EndGlobalSection
EndGlobal
