
Microsoft Visual Studio Solution File, Format Version 11.00
# Visual Studio 2010
Project("{8BC9CEB8-8B4A-11D0-8D11-00A0C91BC942}") = "铺地毯", "铺地毯\铺地毯.vcxproj", "{95631347-1196-492C-8BA3-96B37668D51C}"
EndProject
Global
	GlobalSection(SolutionConfigurationPlatforms) = preSolution
		Debug|Win32 = Debug|Win32
		Release|Win32 = Release|Win32
	EndGlobalSection
	GlobalSection(ProjectConfigurationPlatforms) = postSolution
		{95631347-1196-492C-8BA3-96B37668D51C}.Debug|Win32.ActiveCfg = Debug|Win32
		{95631347-1196-492C-8BA3-96B37668D51C}.Debug|Win32.Build.0 = Debug|Win32
		{95631347-1196-492C-8BA3-96B37668D51C}.Release|Win32.ActiveCfg = Release|Win32
		{95631347-1196-492C-8BA3-96B37668D51C}.Release|Win32.Build.0 = Release|Win32
	EndGlobalSection
	GlobalSection(SolutionProperties) = preSolution
		HideSolutionNode = FALSE
	EndGlobalSection
EndGlobal
