
Microsoft Visual Studio Solution File, Format Version 11.00
# Visual Studio 2010
Project("{8BC9CEB8-8B4A-11D0-8D11-00A0C91BC942}") = "求最大公约数问题", "求最大公约数问题.vcxproj", "{B1FC57D9-8805-4A36-8D29-6649707E819B}"
EndProject
Global
	GlobalSection(SolutionConfigurationPlatforms) = preSolution
		Debug|Win32 = Debug|Win32
		Release|Win32 = Release|Win32
	EndGlobalSection
	GlobalSection(ProjectConfigurationPlatforms) = postSolution
		{B1FC57D9-8805-4A36-8D29-6649707E819B}.Debug|Win32.ActiveCfg = Debug|Win32
		{B1FC57D9-8805-4A36-8D29-6649707E819B}.Debug|Win32.Build.0 = Debug|Win32
		{B1FC57D9-8805-4A36-8D29-6649707E819B}.Release|Win32.ActiveCfg = Release|Win32
		{B1FC57D9-8805-4A36-8D29-6649707E819B}.Release|Win32.Build.0 = Release|Win32
	EndGlobalSection
	GlobalSection(SolutionProperties) = preSolution
		HideSolutionNode = FALSE
	EndGlobalSection
EndGlobal
