
Microsoft Visual Studio Solution File, Format Version 11.00
# Visual Studio 2010
Project("{8BC9CEB8-8B4A-11D0-8D11-00A0C91BC942}") = "买房子", "买房子.vcxproj", "{FDB51837-CFCE-4B41-8E42-9765C22A9E8D}"
EndProject
Global
	GlobalSection(SolutionConfigurationPlatforms) = preSolution
		Debug|Win32 = Debug|Win32
		Release|Win32 = Release|Win32
	EndGlobalSection
	GlobalSection(ProjectConfigurationPlatforms) = postSolution
		{FDB51837-CFCE-4B41-8E42-9765C22A9E8D}.Debug|Win32.ActiveCfg = Debug|Win32
		{FDB51837-CFCE-4B41-8E42-9765C22A9E8D}.Debug|Win32.Build.0 = Debug|Win32
		{FDB51837-CFCE-4B41-8E42-9765C22A9E8D}.Release|Win32.ActiveCfg = Release|Win32
		{FDB51837-CFCE-4B41-8E42-9765C22A9E8D}.Release|Win32.Build.0 = Release|Win32
	EndGlobalSection
	GlobalSection(SolutionProperties) = preSolution
		HideSolutionNode = FALSE
	EndGlobalSection
EndGlobal
