
Microsoft Visual Studio Solution File, Format Version 11.00
# Visual Studio 2010
Project("{8BC9CEB8-8B4A-11D0-8D11-00A0C91BC942}") = "合法 C 标识符", "合法 C 标识符.vcxproj", "{7CC52BAA-A4D9-4142-9751-CD8F99B2B484}"
EndProject
Global
	GlobalSection(SolutionConfigurationPlatforms) = preSolution
		Debug|Win32 = Debug|Win32
		Release|Win32 = Release|Win32
	EndGlobalSection
	GlobalSection(ProjectConfigurationPlatforms) = postSolution
		{7CC52BAA-A4D9-4142-9751-CD8F99B2B484}.Debug|Win32.ActiveCfg = Debug|Win32
		{7CC52BAA-A4D9-4142-9751-CD8F99B2B484}.Debug|Win32.Build.0 = Debug|Win32
		{7CC52BAA-A4D9-4142-9751-CD8F99B2B484}.Release|Win32.ActiveCfg = Release|Win32
		{7CC52BAA-A4D9-4142-9751-CD8F99B2B484}.Release|Win32.Build.0 = Release|Win32
	EndGlobalSection
	GlobalSection(SolutionProperties) = preSolution
		HideSolutionNode = FALSE
	EndGlobalSection
EndGlobal
